# This file is autogenerated, do not edit; changes may be undone by the next 'dep ensure'.


[[projects]]
  name = "github.com/joiggama/money"
  packages = ["."]
  revision = "dc37c83a59217f6699efe78b9bdbae3c536f20a3"
  version = "v2.0.0"

[solve-meta]
  analyzer-name = "dep"
  analyzer-version = 1
  inputs-digest = "f08861703500878b3544769ec5adcc24d2a2e0ba057c7a92d87d5f6ce2c4f49e"
  solver-name = "gps-cdcl"
  solver-version = 1
